
Microsoft Visual Studio Solution File, Format Version 12.00
# Visual Studio Version 17
VisualStudioVersion = 17.3.32804.467
MinimumVisualStudioVersion = 10.0.40219.1
Project("{FAE04EC0-301F-11D3-BF4B-00C04F79EFBC}") = "GenerarPassword.Android", "GenerarPassword.Android\GenerarPassword.Android.csproj", "{FCCE9146-CCB3-43AE-B94D-630A87F2B1FD}"
EndProject
Project("{FAE04EC0-301F-11D3-BF4B-00C04F79EFBC}") = "GenerarPassword", "GenerarPassword\GenerarPassword.csproj", "{94AF5420-37F7-42DE-89BC-802E19000125}"
EndProject
Global
	GlobalSection(SolutionConfigurationPlatforms) = preSolution
		Debug|Any CPU = Debug|Any CPU
		Release|Any CPU = Release|Any CPU
	EndGlobalSection
	GlobalSection(ProjectConfigurationPlatforms) = postSolution
		{FCCE9146-CCB3-43AE-B94D-630A87F2B1FD}.Debug|Any CPU.ActiveCfg = Debug|Any CPU
		{FCCE9146-CCB3-43AE-B94D-630A87F2B1FD}.Debug|Any CPU.Build.0 = Debug|Any CPU
		{FCCE9146-CCB3-43AE-B94D-630A87F2B1FD}.Debug|Any CPU.Deploy.0 = Debug|Any CPU
		{FCCE9146-CCB3-43AE-B94D-630A87F2B1FD}.Release|Any CPU.ActiveCfg = Release|Any CPU
		{FCCE9146-CCB3-43AE-B94D-630A87F2B1FD}.Release|Any CPU.Build.0 = Release|Any CPU
		{FCCE9146-CCB3-43AE-B94D-630A87F2B1FD}.Release|Any CPU.Deploy.0 = Release|Any CPU
		{94AF5420-37F7-42DE-89BC-802E19000125}.Debug|Any CPU.ActiveCfg = Debug|Any CPU
		{94AF5420-37F7-42DE-89BC-802E19000125}.Debug|Any CPU.Build.0 = Debug|Any CPU
		{94AF5420-37F7-42DE-89BC-802E19000125}.Debug|Any CPU.Deploy.0 = Debug|Any CPU
		{94AF5420-37F7-42DE-89BC-802E19000125}.Release|Any CPU.ActiveCfg = Release|Any CPU
		{94AF5420-37F7-42DE-89BC-802E19000125}.Release|Any CPU.Build.0 = Release|Any CPU
		{94AF5420-37F7-42DE-89BC-802E19000125}.Release|Any CPU.Deploy.0 = Release|Any CPU
	EndGlobalSection
	GlobalSection(SolutionProperties) = preSolution
		HideSolutionNode = FALSE
	EndGlobalSection
	GlobalSection(ExtensibilityGlobals) = postSolution
		SolutionGuid = {5D6999A6-0A43-454E-A105-FD51875D8701}
	EndGlobalSection
EndGlobal
